Microsoft Visual Studio Solution File, Format Version 12.00
# Visual Studio Version 17
VisualStudioVersion = 17.13.35931.197
MinimumVisualStudioVersion = 10.0.40219.1
Project("{FAE04EC0-301F-11D3-BF4B-00C04F79EFBC}") = "MoviePro2025", "MoviePro2025.csproj", "{14BE777F-D6BB-48A6-A8C3-80A8921B2097}"
EndProject
Global
	GlobalSection(SolutionConfigurationPlatforms) = preSolution
		Debug|Any CPU = Debug|Any CPU
		Release|Any CPU = Release|Any CPU
	EndGlobalSection
	GlobalSection(ProjectConfigurationPlatforms) = postSolution
		{14BE777F-D6BB-48A6-A8C3-80A8921B2097}.Debug|Any CPU.ActiveCfg = Debug|Any CPU
		{14BE777F-D6BB-48A6-A8C3-80A8921B2097}.Debug|Any CPU.Build.0 = Debug|Any CPU
		{14BE777F-D6BB-48A6-A8C3-80A8921B2097}.Release|Any CPU.ActiveCfg = Release|Any CPU
		{14BE777F-D6BB-48A6-A8C3-80A8921B2097}.Release|Any CPU.Build.0 = Release|Any CPU
	EndGlobalSection
	GlobalSection(SolutionProperties) = preSolution
		HideSolutionNode = FALSE
	EndGlobalSection
	GlobalSection(ExtensibilityGlobals) = postSolution
		SolutionGuid = {7003A556-8D41-49B9-8884-8D840F350B8E}
	EndGlobalSection
EndGlobal
